
Microsoft Visual Studio Solution File, Format Version 12.00
# Visual Studio Version 17
VisualStudioVersion = 17.5.002.0
MinimumVisualStudioVersion = 10.0.40219.1
Project("{9A19103F-16F7-4668-BE54-9A1E7A4F7556}") = "MVC", "MVC.csproj", "{BFA60BA4-D169-4510-9B65-EF63FEB71185}"
EndProject
Global
	GlobalSection(SolutionConfigurationPlatforms) = preSolution
		Debug|Any CPU = Debug|Any CPU
		Release|Any CPU = Release|Any CPU
	EndGlobalSection
	GlobalSection(ProjectConfigurationPlatforms) = postSolution
		{BFA60BA4-D169-4510-9B65-EF63FEB71185}.Debug|Any CPU.ActiveCfg = Debug|Any CPU
		{BFA60BA4-D169-4510-9B65-EF63FEB71185}.Debug|Any CPU.Build.0 = Debug|Any CPU
		{BFA60BA4-D169-4510-9B65-EF63FEB71185}.Release|Any CPU.ActiveCfg = Release|Any CPU
		{BFA60BA4-D169-4510-9B65-EF63FEB71185}.Release|Any CPU.Build.0 = Release|Any CPU
	EndGlobalSection
	GlobalSection(SolutionProperties) = preSolution
		HideSolutionNode = FALSE
	EndGlobalSection
	GlobalSection(ExtensibilityGlobals) = postSolution
		SolutionGuid = {D5439371-4B40-420F-8334-5BFA4B37FC61}
	EndGlobalSection
EndGlobal
